
Microsoft Visual Studio Solution File, Format Version 12.00
# Visual Studio Version 17
VisualStudioVersion = 17.5.33516.290
MinimumVisualStudioVersion = 10.0.40219.1
Project("{2150E333-8FDC-42A3-9474-1A3956D46DE8}") = "02", "02", "{2085946B-B2DB-47CC-A5C2-CD82DEDBE05A}"
EndProject
Project("{2150E333-8FDC-42A3-9474-1A3956D46DE8}") = "03", "03", "{ECC2B009-B291-415E-9EB5-D79F02C35E59}"
EndProject
Project("{FAE04EC0-301F-11D3-BF4B-00C04F79EFBC}") = "Chapter03", "chapter03\Chapter03.csproj", "{8AB1FABD-E2C0-48E4-A5E1-AB6492EDA601}"
EndProject
Project("{2150E333-8FDC-42A3-9474-1A3956D46DE8}") = "04", "04", "{85F97E0F-89F6-464A-92B1-B32AD86923E9}"
EndProject
Project("{FAE04EC0-301F-11D3-BF4B-00C04F79EFBC}") = "Chapter04", "Chapter04\Chapter04.csproj", "{1759AAD5-9688-4C3C-9224-3168591B8543}"
EndProject
Project("{FAE04EC0-301F-11D3-BF4B-00C04F79EFBC}") = "Chapter02", "Chapter02\Chapter02.csproj", "{2E5517FE-78BB-4193-A4F9-35390CC81B0F}"
EndProject
Project("{2150E333-8FDC-42A3-9474-1A3956D46DE8}") = "05", "05", "{7079C7DB-B696-4184-A144-E2BC60085033}"
EndProject
Project("{FAE04EC0-301F-11D3-BF4B-00C04F79EFBC}") = "Chapter05", "Chapter05\Chapter05.csproj", "{0F42A559-A9F9-4E3F-9BE9-31203082C3B4}"
EndProject
Global
	GlobalSection(SolutionConfigurationPlatforms) = preSolution
		Debug|Any CPU = Debug|Any CPU
		Release|Any CPU = Release|Any CPU
	EndGlobalSection
	GlobalSection(ProjectConfigurationPlatforms) = postSolution
		{8AB1FABD-E2C0-48E4-A5E1-AB6492EDA601}.Debug|Any CPU.ActiveCfg = Debug|Any CPU
		{8AB1FABD-E2C0-48E4-A5E1-AB6492EDA601}.Debug|Any CPU.Build.0 = Debug|Any CPU
		{8AB1FABD-E2C0-48E4-A5E1-AB6492EDA601}.Release|Any CPU.ActiveCfg = Release|Any CPU
		{8AB1FABD-E2C0-48E4-A5E1-AB6492EDA601}.Release|Any CPU.Build.0 = Release|Any CPU
		{1759AAD5-9688-4C3C-9224-3168591B8543}.Debug|Any CPU.ActiveCfg = Debug|Any CPU
		{1759AAD5-9688-4C3C-9224-3168591B8543}.Debug|Any CPU.Build.0 = Debug|Any CPU
		{1759AAD5-9688-4C3C-9224-3168591B8543}.Release|Any CPU.ActiveCfg = Release|Any CPU
		{1759AAD5-9688-4C3C-9224-3168591B8543}.Release|Any CPU.Build.0 = Release|Any CPU
		{2E5517FE-78BB-4193-A4F9-35390CC81B0F}.Debug|Any CPU.ActiveCfg = Debug|Any CPU
		{2E5517FE-78BB-4193-A4F9-35390CC81B0F}.Debug|Any CPU.Build.0 = Debug|Any CPU
		{2E5517FE-78BB-4193-A4F9-35390CC81B0F}.Release|Any CPU.ActiveCfg = Release|Any CPU
		{2E5517FE-78BB-4193-A4F9-35390CC81B0F}.Release|Any CPU.Build.0 = Release|Any CPU
		{0F42A559-A9F9-4E3F-9BE9-31203082C3B4}.Debug|Any CPU.ActiveCfg = Debug|Any CPU
		{0F42A559-A9F9-4E3F-9BE9-31203082C3B4}.Debug|Any CPU.Build.0 = Debug|Any CPU
		{0F42A559-A9F9-4E3F-9BE9-31203082C3B4}.Release|Any CPU.ActiveCfg = Release|Any CPU
		{0F42A559-A9F9-4E3F-9BE9-31203082C3B4}.Release|Any CPU.Build.0 = Release|Any CPU
	EndGlobalSection
	GlobalSection(SolutionProperties) = preSolution
		HideSolutionNode = FALSE
	EndGlobalSection
	GlobalSection(NestedProjects) = preSolution
		{8AB1FABD-E2C0-48E4-A5E1-AB6492EDA601} = {ECC2B009-B291-415E-9EB5-D79F02C35E59}
		{1759AAD5-9688-4C3C-9224-3168591B8543} = {85F97E0F-89F6-464A-92B1-B32AD86923E9}
		{2E5517FE-78BB-4193-A4F9-35390CC81B0F} = {2085946B-B2DB-47CC-A5C2-CD82DEDBE05A}
		{0F42A559-A9F9-4E3F-9BE9-31203082C3B4} = {7079C7DB-B696-4184-A144-E2BC60085033}
	EndGlobalSection
	GlobalSection(ExtensibilityGlobals) = postSolution
		SolutionGuid = {07C1FC01-E1D0-4C90-A47C-95583A16F547}
	EndGlobalSection
EndGlobal
