
Microsoft Visual Studio Solution File, Format Version 12.00
# Visual Studio Version 17
VisualStudioVersion = 17.5.33516.290
MinimumVisualStudioVersion = 10.0.40219.1
Project("{2150E333-8FDC-42A3-9474-1A3956D46DE8}") = "02", "02", "{2085946B-B2DB-47CC-A5C2-CD82DEDBE05A}"
EndProject
Project("{2150E333-8FDC-42A3-9474-1A3956D46DE8}") = "03", "03", "{ECC2B009-B291-415E-9EB5-D79F02C35E59}"
EndProject
Project("{FAE04EC0-301F-11D3-BF4B-00C04F79EFBC}") = "Chapter03", "chapter03\Chapter03.csproj", "{8AB1FABD-E2C0-48E4-A5E1-AB6492EDA601}"
EndProject
Project("{2150E333-8FDC-42A3-9474-1A3956D46DE8}") = "04", "04", "{85F97E0F-89F6-464A-92B1-B32AD86923E9}"
EndProject
Project("{FAE04EC0-301F-11D3-BF4B-00C04F79EFBC}") = "Chapter04", "Chapter04\Chapter04.csproj", "{1759AAD5-9688-4C3C-9224-3168591B8543}"
EndProject
Project("{FAE04EC0-301F-11D3-BF4B-00C04F79EFBC}") = "Chapter02", "Chapter02\Chapter02.csproj", "{2E5517FE-78BB-4193-A4F9-35390CC81B0F}"
EndProject
Project("{2150E333-8FDC-42A3-9474-1A3956D46DE8}") = "05", "05", "{7079C7DB-B696-4184-A144-E2BC60085033}"
EndProject
Project("{FAE04EC0-301F-11D3-BF4B-00C04F79EFBC}") = "Chapter05", "Chapter05\Chapter05.csproj", "{0F42A559-A9F9-4E3F-9BE9-31203082C3B4}"
EndProject
Project("{2150E333-8FDC-42A3-9474-1A3956D46DE8}") = "08", "08", "{A531A2E7-8ABF-4FA5-8DC9-80FA85361F71}"
EndProject
Project("{FAE04EC0-301F-11D3-BF4B-00C04F79EFBC}") = "Chapter08", "Chapter08\Chapter08.csproj", "{0E77CEB0-6492-45A8-85F8-E163E773C897}"
EndProject
Project("{2150E333-8FDC-42A3-9474-1A3956D46DE8}") = "06", "06", "{818A56DC-FF95-48B6-95C1-DD1373C182C9}"
EndProject
Project("{FAE04EC0-301F-11D3-BF4B-00C04F79EFBC}") = "chapter06Sample02Boom", "chapter06Sample02Boom\chapter06Sample02Boom.csproj", "{17983266-6EF9-4DBF-BDF9-4E082A673998}"
EndProject
Project("{FAE04EC0-301F-11D3-BF4B-00C04F79EFBC}") = "chapter06example04", "chapter06example04\chapter06example04.csproj", "{33309FB7-ABE9-486F-A6EC-3BE7CA611870}"
EndProject
Project("{FAE04EC0-301F-11D3-BF4B-00C04F79EFBC}") = "Chapter06Ex05Or", "Chapter06Ex05Or\Chapter06Ex05Or.csproj", "{58744A24-FCBB-4784-87BA-980370FD1431}"
EndProject
Project("{FAE04EC0-301F-11D3-BF4B-00C04F79EFBC}") = "Chapter06Targil27", "Chapter06Targil27\Chapter06Targil27.csproj", "{FEC6B851-1EE4-4A56-A5F3-C88F8C8C7467}"
EndProject
Project("{2150E333-8FDC-42A3-9474-1A3956D46DE8}") = "09", "09", "{4C597E1D-76AF-4404-B441-7F314F93144D}"
EndProject
Project("{FAE04EC0-301F-11D3-BF4B-00C04F79EFBC}") = "Chapter09Ex01Boom7", "Chapter09Ex01Boom7\Chapter09Ex01Boom7.csproj", "{09BE8310-C27F-4FB5-82F1-4E21B5C9938B}"
EndProject
Project("{FAE04EC0-301F-11D3-BF4B-00C04F79EFBC}") = "Chapter09Ex03Boom7V4", "Chapter09Ex03Boom7V4\Chapter09Ex03Boom7V4.csproj", "{AE57C4D8-D7ED-4A18-8FBB-0F5B0FB18302}"
EndProject
Project("{FAE04EC0-301F-11D3-BF4B-00C04F79EFBC}") = "Chapter09Ex5NumDividers", "Chapter09Ex5NumDividers\Chapter09Ex5NumDividers.csproj", "{8FDBA8AA-F05E-48B9-A1BA-1061882A6B6A}"
EndProject
Project("{FAE04EC0-301F-11D3-BF4B-00C04F79EFBC}") = "Chapter09Ex7PassFailDif", "Chapter09Ex7PassFailDif\Chapter09Ex7PassFailDif.csproj", "{B63B3947-3DEA-4659-8230-133E35F9AAE3}"
EndProject
Global
	GlobalSection(SolutionConfigurationPlatforms) = preSolution
		Debug|Any CPU = Debug|Any CPU
		Release|Any CPU = Release|Any CPU
	EndGlobalSection
	GlobalSection(ProjectConfigurationPlatforms) = postSolution
		{8AB1FABD-E2C0-48E4-A5E1-AB6492EDA601}.Debug|Any CPU.ActiveCfg = Debug|Any CPU
		{8AB1FABD-E2C0-48E4-A5E1-AB6492EDA601}.Debug|Any CPU.Build.0 = Debug|Any CPU
		{8AB1FABD-E2C0-48E4-A5E1-AB6492EDA601}.Release|Any CPU.ActiveCfg = Release|Any CPU
		{8AB1FABD-E2C0-48E4-A5E1-AB6492EDA601}.Release|Any CPU.Build.0 = Release|Any CPU
		{1759AAD5-9688-4C3C-9224-3168591B8543}.Debug|Any CPU.ActiveCfg = Debug|Any CPU
		{1759AAD5-9688-4C3C-9224-3168591B8543}.Debug|Any CPU.Build.0 = Debug|Any CPU
		{1759AAD5-9688-4C3C-9224-3168591B8543}.Release|Any CPU.ActiveCfg = Release|Any CPU
		{1759AAD5-9688-4C3C-9224-3168591B8543}.Release|Any CPU.Build.0 = Release|Any CPU
		{2E5517FE-78BB-4193-A4F9-35390CC81B0F}.Debug|Any CPU.ActiveCfg = Debug|Any CPU
		{2E5517FE-78BB-4193-A4F9-35390CC81B0F}.Debug|Any CPU.Build.0 = Debug|Any CPU
		{2E5517FE-78BB-4193-A4F9-35390CC81B0F}.Release|Any CPU.ActiveCfg = Release|Any CPU
		{2E5517FE-78BB-4193-A4F9-35390CC81B0F}.Release|Any CPU.Build.0 = Release|Any CPU
		{0F42A559-A9F9-4E3F-9BE9-31203082C3B4}.Debug|Any CPU.ActiveCfg = Debug|Any CPU
		{0F42A559-A9F9-4E3F-9BE9-31203082C3B4}.Debug|Any CPU.Build.0 = Debug|Any CPU
		{0F42A559-A9F9-4E3F-9BE9-31203082C3B4}.Release|Any CPU.ActiveCfg = Release|Any CPU
		{0F42A559-A9F9-4E3F-9BE9-31203082C3B4}.Release|Any CPU.Build.0 = Release|Any CPU
		{0E77CEB0-6492-45A8-85F8-E163E773C897}.Debug|Any CPU.ActiveCfg = Debug|Any CPU
		{0E77CEB0-6492-45A8-85F8-E163E773C897}.Debug|Any CPU.Build.0 = Debug|Any CPU
		{0E77CEB0-6492-45A8-85F8-E163E773C897}.Release|Any CPU.ActiveCfg = Release|Any CPU
		{0E77CEB0-6492-45A8-85F8-E163E773C897}.Release|Any CPU.Build.0 = Release|Any CPU
		{17983266-6EF9-4DBF-BDF9-4E082A673998}.Debug|Any CPU.ActiveCfg = Debug|Any CPU
		{17983266-6EF9-4DBF-BDF9-4E082A673998}.Debug|Any CPU.Build.0 = Debug|Any CPU
		{17983266-6EF9-4DBF-BDF9-4E082A673998}.Release|Any CPU.ActiveCfg = Release|Any CPU
		{17983266-6EF9-4DBF-BDF9-4E082A673998}.Release|Any CPU.Build.0 = Release|Any CPU
		{33309FB7-ABE9-486F-A6EC-3BE7CA611870}.Debug|Any CPU.ActiveCfg = Debug|Any CPU
		{33309FB7-ABE9-486F-A6EC-3BE7CA611870}.Debug|Any CPU.Build.0 = Debug|Any CPU
		{33309FB7-ABE9-486F-A6EC-3BE7CA611870}.Release|Any CPU.ActiveCfg = Release|Any CPU
		{33309FB7-ABE9-486F-A6EC-3BE7CA611870}.Release|Any CPU.Build.0 = Release|Any CPU
		{58744A24-FCBB-4784-87BA-980370FD1431}.Debug|Any CPU.ActiveCfg = Debug|Any CPU
		{58744A24-FCBB-4784-87BA-980370FD1431}.Debug|Any CPU.Build.0 = Debug|Any CPU
		{58744A24-FCBB-4784-87BA-980370FD1431}.Release|Any CPU.ActiveCfg = Release|Any CPU
		{58744A24-FCBB-4784-87BA-980370FD1431}.Release|Any CPU.Build.0 = Release|Any CPU
		{FEC6B851-1EE4-4A56-A5F3-C88F8C8C7467}.Debug|Any CPU.ActiveCfg = Debug|Any CPU
		{FEC6B851-1EE4-4A56-A5F3-C88F8C8C7467}.Debug|Any CPU.Build.0 = Debug|Any CPU
		{FEC6B851-1EE4-4A56-A5F3-C88F8C8C7467}.Release|Any CPU.ActiveCfg = Release|Any CPU
		{FEC6B851-1EE4-4A56-A5F3-C88F8C8C7467}.Release|Any CPU.Build.0 = Release|Any CPU
		{09BE8310-C27F-4FB5-82F1-4E21B5C9938B}.Debug|Any CPU.ActiveCfg = Debug|Any CPU
		{09BE8310-C27F-4FB5-82F1-4E21B5C9938B}.Debug|Any CPU.Build.0 = Debug|Any CPU
		{09BE8310-C27F-4FB5-82F1-4E21B5C9938B}.Release|Any CPU.ActiveCfg = Release|Any CPU
		{09BE8310-C27F-4FB5-82F1-4E21B5C9938B}.Release|Any CPU.Build.0 = Release|Any CPU
		{AE57C4D8-D7ED-4A18-8FBB-0F5B0FB18302}.Debug|Any CPU.ActiveCfg = Debug|Any CPU
		{AE57C4D8-D7ED-4A18-8FBB-0F5B0FB18302}.Debug|Any CPU.Build.0 = Debug|Any CPU
		{AE57C4D8-D7ED-4A18-8FBB-0F5B0FB18302}.Release|Any CPU.ActiveCfg = Release|Any CPU
		{AE57C4D8-D7ED-4A18-8FBB-0F5B0FB18302}.Release|Any CPU.Build.0 = Release|Any CPU
		{8FDBA8AA-F05E-48B9-A1BA-1061882A6B6A}.Debug|Any CPU.ActiveCfg = Debug|Any CPU
		{8FDBA8AA-F05E-48B9-A1BA-1061882A6B6A}.Debug|Any CPU.Build.0 = Debug|Any CPU
		{8FDBA8AA-F05E-48B9-A1BA-1061882A6B6A}.Release|Any CPU.ActiveCfg = Release|Any CPU
		{8FDBA8AA-F05E-48B9-A1BA-1061882A6B6A}.Release|Any CPU.Build.0 = Release|Any CPU
		{B63B3947-3DEA-4659-8230-133E35F9AAE3}.Debug|Any CPU.ActiveCfg = Debug|Any CPU
		{B63B3947-3DEA-4659-8230-133E35F9AAE3}.Debug|Any CPU.Build.0 = Debug|Any CPU
		{B63B3947-3DEA-4659-8230-133E35F9AAE3}.Release|Any CPU.ActiveCfg = Release|Any CPU
		{B63B3947-3DEA-4659-8230-133E35F9AAE3}.Release|Any CPU.Build.0 = Release|Any CPU
	EndGlobalSection
	GlobalSection(SolutionProperties) = preSolution
		HideSolutionNode = FALSE
	EndGlobalSection
	GlobalSection(NestedProjects) = preSolution
		{8AB1FABD-E2C0-48E4-A5E1-AB6492EDA601} = {ECC2B009-B291-415E-9EB5-D79F02C35E59}
		{1759AAD5-9688-4C3C-9224-3168591B8543} = {85F97E0F-89F6-464A-92B1-B32AD86923E9}
		{2E5517FE-78BB-4193-A4F9-35390CC81B0F} = {2085946B-B2DB-47CC-A5C2-CD82DEDBE05A}
		{0F42A559-A9F9-4E3F-9BE9-31203082C3B4} = {7079C7DB-B696-4184-A144-E2BC60085033}
		{0E77CEB0-6492-45A8-85F8-E163E773C897} = {A531A2E7-8ABF-4FA5-8DC9-80FA85361F71}
		{17983266-6EF9-4DBF-BDF9-4E082A673998} = {818A56DC-FF95-48B6-95C1-DD1373C182C9}
		{33309FB7-ABE9-486F-A6EC-3BE7CA611870} = {818A56DC-FF95-48B6-95C1-DD1373C182C9}
		{58744A24-FCBB-4784-87BA-980370FD1431} = {818A56DC-FF95-48B6-95C1-DD1373C182C9}
		{FEC6B851-1EE4-4A56-A5F3-C88F8C8C7467} = {818A56DC-FF95-48B6-95C1-DD1373C182C9}
		{09BE8310-C27F-4FB5-82F1-4E21B5C9938B} = {4C597E1D-76AF-4404-B441-7F314F93144D}
		{AE57C4D8-D7ED-4A18-8FBB-0F5B0FB18302} = {4C597E1D-76AF-4404-B441-7F314F93144D}
		{8FDBA8AA-F05E-48B9-A1BA-1061882A6B6A} = {4C597E1D-76AF-4404-B441-7F314F93144D}
		{B63B3947-3DEA-4659-8230-133E35F9AAE3} = {4C597E1D-76AF-4404-B441-7F314F93144D}
	EndGlobalSection
	GlobalSection(ExtensibilityGlobals) = postSolution
		SolutionGuid = {07C1FC01-E1D0-4C90-A47C-95583A16F547}
	EndGlobalSection
EndGlobal
